{
  "requires": true,
  "lockfileVersion": 1,
  "dependencies": {
    "@miniprogram-component-plus/emoji": {
      "version": "1.0.1",
      "resolved": "http://r.tnpm.oa.com/@miniprogram-component-plus%2femoji/-/emoji-1.0.1.tgz",
      "integrity": "sha512-HOlW9YCEfUL/vriChKnHpXuoWrEIDjg/aF3CtMCNmIYHAtE8wGIZJ/ORlQEnG/oUunkOl20+mla+BYy1QUfeQw=="
    }
  }
}
